
Microsoft Visual Studio Solution File, Format Version 12.00
# Visual Studio 15
VisualStudioVersion = 15.0.27130.2027
MinimumVisualStudioVersion = 10.0.40219.1
Project("{FAE04EC0-301F-11D3-BF4B-00C04F79EFBC}") = "AnimatedColorfulMenu", "AnimatedColorfulMenu\AnimatedColorfulMenu.csproj", "{F14A28C7-D27C-4025-84B3-BB33F7A133C7}"
EndProject
Global
	GlobalSection(SolutionConfigurationPlatforms) = preSolution
		Debug|Any CPU = Debug|Any CPU
		Release|Any CPU = Release|Any CPU
	EndGlobalSection
	GlobalSection(ProjectConfigurationPlatforms) = postSolution
		{F14A28C7-D27C-4025-84B3-BB33F7A133C7}.Debug|Any CPU.ActiveCfg = Debug|Any CPU
		{F14A28C7-D27C-4025-84B3-BB33F7A133C7}.Debug|Any CPU.Build.0 = Debug|Any CPU
		{F14A28C7-D27C-4025-84B3-BB33F7A133C7}.Release|Any CPU.ActiveCfg = Release|Any CPU
		{F14A28C7-D27C-4025-84B3-BB33F7A133C7}.Release|Any CPU.Build.0 = Release|Any CPU
	EndGlobalSection
	GlobalSection(SolutionProperties) = preSolution
		HideSolutionNode = FALSE
	EndGlobalSection
	GlobalSection(ExtensibilityGlobals) = postSolution
		SolutionGuid = {A37B9B7E-37AE-478E-99E7-00880F1459E6}
	EndGlobalSection
EndGlobal
